
Microsoft Visual Studio Solution File, Format Version 12.00
# Visual Studio Version 17
VisualStudioVersion = 17.9.34518.117
MinimumVisualStudioVersion = 10.0.40219.1
Project("{9A19103F-16F7-4668-BE54-9A1E7A4F7556}") = "CheckPoint", "CheckPoint\CheckPoint.csproj", "{338B29EE-5C5C-49FD-A4C6-013BF2940F94}"
EndProject
Project("{9A19103F-16F7-4668-BE54-9A1E7A4F7556}") = "Tests", "Tests\Tests.csproj", "{ADEF7214-B415-4572-85D9-4B6F4DA17D3A}"
EndProject
Project("{9A19103F-16F7-4668-BE54-9A1E7A4F7556}") = "Benchmarks", "Benchmarks\Benchmarks.csproj", "{6184E755-A871-42C4-A269-1AD2056A693D}"
EndProject
Global
	GlobalSection(SolutionConfigurationPlatforms) = preSolution
		Debug|Any CPU = Debug|Any CPU
		Release|Any CPU = Release|Any CPU
	EndGlobalSection
	GlobalSection(ProjectConfigurationPlatforms) = postSolution
		{338B29EE-5C5C-49FD-A4C6-013BF2940F94}.Debug|Any CPU.ActiveCfg = Debug|Any CPU
		{338B29EE-5C5C-49FD-A4C6-013BF2940F94}.Debug|Any CPU.Build.0 = Debug|Any CPU
		{338B29EE-5C5C-49FD-A4C6-013BF2940F94}.Release|Any CPU.ActiveCfg = Release|Any CPU
		{338B29EE-5C5C-49FD-A4C6-013BF2940F94}.Release|Any CPU.Build.0 = Release|Any CPU
		{ADEF7214-B415-4572-85D9-4B6F4DA17D3A}.Debug|Any CPU.ActiveCfg = Debug|Any CPU
		{ADEF7214-B415-4572-85D9-4B6F4DA17D3A}.Debug|Any CPU.Build.0 = Debug|Any CPU
		{ADEF7214-B415-4572-85D9-4B6F4DA17D3A}.Release|Any CPU.ActiveCfg = Release|Any CPU
		{ADEF7214-B415-4572-85D9-4B6F4DA17D3A}.Release|Any CPU.Build.0 = Release|Any CPU
		{6184E755-A871-42C4-A269-1AD2056A693D}.Debug|Any CPU.ActiveCfg = Debug|Any CPU
		{6184E755-A871-42C4-A269-1AD2056A693D}.Debug|Any CPU.Build.0 = Debug|Any CPU
		{6184E755-A871-42C4-A269-1AD2056A693D}.Release|Any CPU.ActiveCfg = Release|Any CPU
		{6184E755-A871-42C4-A269-1AD2056A693D}.Release|Any CPU.Build.0 = Release|Any CPU
	EndGlobalSection
	GlobalSection(SolutionProperties) = preSolution
		HideSolutionNode = FALSE
	EndGlobalSection
	GlobalSection(ExtensibilityGlobals) = postSolution
		SolutionGuid = {B57E23E1-5109-4BDD-9E9D-B5E8496E3033}
	EndGlobalSection
EndGlobal
